// !$*UTF8*$!
{
	archiveVersion = 1;
	classes = {
	};
	objectVersion = 50;
	objects = {

/* Begin PBXBuildFile section */
		6AC45C2A223A0B5A00199D20 /* AppDelegate.swift in Sources */ = {isa = PBXBuildFile; fileRef = 6AC45C29223A0B5A00199D20 /* AppDelegate.swift */; };
		6AC45C2C223A0B5A00199D20 /* ViewController.swift in Sources */ = {isa = PBXBuildFile; fileRef = 6AC45C2B223A0B5A00199D20 /* ViewController.swift */; };
		6AC45C2F223A0B5A00199D20 /* Main.storyboard in Resources */ = {isa = PBXBuildFile; fileRef = 6AC45C2D223A0B5A00199D20 /* Main.storyboard */; };
		6AC45C31223A0B5A00199D20 /* Assets.xcassets in Resources */ = {isa = PBXBuildFile; fileRef = 6AC45C30223A0B5A00199D20 /* Assets.xcassets */; };
		6AC45C34223A0B5A00199D20 /* LaunchScreen.storyboard in Resources */ = {isa = PBXBuildFile; fileRef = 6AC45C32223A0B5A00199D20 /* LaunchScreen.storyboard */; };
/* End PBXBuildFile section */

/* Begin PBXFileReference section */
		6AC45C26223A0B5900199D20 /* 2019-03-14-Assignment2-Set.app */ = {isa = PBXFileReference; explicitFileType = wrapper.application; includeInIndex = 0; path = "2019-03-14-Assignment2-Set.app"; sourceTree = BUILT_PRODUCTS_DIR; };
		6AC45C29223A0B5A00199D20 /* AppDelegate.swift */ = {isa = PBXFileReference; lastKnownFileType = sourcecode.swift; path = AppDelegate.swift; sourceTree = "<group>"; };
		6AC45C2B223A0B5A00199D20 /* ViewController.swift */ = {isa = PBXFileReference; lastKnownFileType = sourcecode.swift; path = ViewController.swift; sourceTree = "<group>"; };
		6AC45C2E223A0B5A00199D20 /* Base */ = {isa = PBXFileReference; lastKnownFileType = file.storyboard; name = Base; path = Base.lproj/Main.storyboard; sourceTree = "<group>"; };
		6AC45C30223A0B5A00199D20 /* Assets.xcassets */ = {isa = PBXFileReference; lastKnownFileType = folder.assetcatalog; path = Assets.xcassets; sourceTree = "<group>"; };
		6AC45C33223A0B5A00199D20 /* Base */ = {isa = PBXFileReference; lastKnownFileType = file.storyboard; name = Base; path = Base.lproj/LaunchScreen.storyboard; sourceTree = "<group>"; };
		6AC45C35223A0B5A00199D20 /* Info.plist */ = {isa = PBXFileReference; lastKnownFileType = text.plist.xml; path = Info.plist; sourceTree = "<group>"; };
/* End PBXFileReference section */

/* Begin PBXFrameworksBuildPhase section */
		6AC45C23223A0B5900199D20 /* Frameworks */ = {
			isa = PBXFrameworksBuildPhase;
			buildActionMask = 2147483647;
			files = (
			);
			runOnlyForDeploymentPostprocessing = 0;
		};
/* End PBXFrameworksBuildPhase section */

/* Begin PBXGroup section */
		6AC45C1D223A0B5900199D20 = {
			isa = PBXGroup;
			children = (
				6AC45C28223A0B5A00199D20 /* 2019-03-14-Assignment2-Set */,
				6AC45C27223A0B5900199D20 /* Products */,
			);
			sourceTree = "<group>";
		};
		6AC45C27223A0B5900199D20 /* Products */ = {
			isa = PBXGroup;
			children = (
				6AC45C26223A0B5900199D20 /* 2019-03-14-Assignment2-Set.app */,
			);
			name = Products;
			sourceTree = "<group>";
		};
		6AC45C28223A0B5A00199D20 /* 2019-03-14-Assignment2-Set */ = {
			isa = PBXGroup;
			children = (
				6AC45C29223A0B5A00199D20 /* AppDelegate.swift */,
				6AC45C2B223A0B5A00199D20 /* ViewController.swift */,
				6AC45C2D223A0B5A00199D20 /* Main.storyboard */,
				6AC45C30223A0B5A00199D20 /* Assets.xcassets */,
				6AC45C32223A0B5A00199D20 /* LaunchScreen.storyboard */,
				6AC45C35223A0B5A00199D20 /* Info.plist */,
			);
			path = "2019-03-14-Assignment2-Set";
			sourceTree = "<group>";
		};
/* End PBXGroup section */

/* Begin PBXNativeTarget section */
		6AC45C25223A0B5900199D20 /* 2019-03-14-Assignment2-Set */ = {
			isa = PBXNativeTarget;
			buildConfigurationList = 6AC45C38223A0B5A00199D20 /* Build configuration list for PBXNativeTarget "2019-03-14-Assignment2-Set" */;
			buildPhases = (
				6AC45C22223A0B5900199D20 /* Sources */,
				6AC45C23223A0B5900199D20 /* Frameworks */,
				6AC45C24223A0B5900199D20 /* Resources */,
			);
			buildRules = (
			);
			dependencies = (
			);
			name = "2019-03-14-Assignment2-Set";
			productName = "2019-03-14-Assignment2-Set";
			productReference = 6AC45C26223A0B5900199D20 /* 2019-03-14-Assignment2-Set.app */;
			productType = "com.apple.product-type.application";
		};
/* End PBXNativeTarget section */

/* Begin PBXProject section */
		6AC45C1E223A0B5900199D20 /* Project object */ = {
			isa = PBXProject;
			attributes = {
				LastSwiftUpdateCheck = 1010;
				LastUpgradeCheck = 1010;
				ORGANIZATIONNAME = "Selin Denise Acar";
				TargetAttributes = {
					6AC45C25223A0B5900199D20 = {
						CreatedOnToolsVersion = 10.1;
					};
				};
			};
			buildConfigurationList = 6AC45C21223A0B5900199D20 /* Build configuration list for PBXProject "2019-03-14-Assignment2-Set" */;
			compatibilityVersion = "Xcode 9.3";
			developmentRegion = en;
			hasScannedForEncodings = 0;
			knownRegions = (
				en,
				Base,
			);
			mainGroup = 6AC45C1D223A0B5900199D20;
			productRefGroup = 6AC45C27223A0B5900199D20 /* Products */;
			projectDirPath = "";
			projectRoot = "";
			targets = (
				6AC45C25223A0B5900199D20 /* 2019-03-14-Assignment2-Set */,
			);
		};
/* End PBXProject section */

/* Begin PBXResourcesBuildPhase section */
		6AC45C24223A0B5900199D20 /* Resources */ = {
			isa = PBXResourcesBuildPhase;
			buildActionMask = 2147483647;
			files = (
				6AC45C34223A0B5A00199D20 /* LaunchScreen.storyboard in Resources */,
				6AC45C31223A0B5A00199D20 /* Assets.xcassets in Resources */,
				6AC45C2F223A0B5A00199D20 /* Main.storyboard in Resources */,
			);
			runOnlyForDeploymentPostprocessing = 0;
		};
/* End PBXResourcesBuildPhase section */

/* Begin PBXSourcesBuildPhase section */
		6AC45C22223A0B5900199D20 /* Sources */ = {
			isa = PBXSourcesBuildPhase;
			buildActionMask = 2147483647;
			files = (
				6AC45C2C223A0B5A00199D20 /* ViewController.swift in Sources */,
				6AC45C2A223A0B5A00199D20 /* AppDelegate.swift in Sources */,
			);
			runOnlyForDeploymentPostprocessing = 0;
		};
/* End PBXSourcesBuildPhase section */

/* Begin PBXVariantGroup section */
		6AC45C2D223A0B5A00199D20 /* Main.storyboard */ = {
			isa = PBXVariantGroup;
			children = (
				6AC45C2E223A0B5A00199D20 /* Base */,
			);
			name = Main.storyboard;
			sourceTree = "<group>";
		};
		6AC45C32223A0B5A00199D20 /* LaunchScreen.storyboard */ = {
			isa = PBXVariantGroup;
			children = (
				6AC45C33223A0B5A00199D20 /* Base */,
			);
			name = LaunchScreen.storyboard;
			sourceTree = "<group>";
		};
/* End PBXVariantGroup section */

/* Begin XCBuildConfiguration section */
		6AC45C36223A0B5A00199D20 /* Debug */ = {
			isa = XCBuildConfiguration;
			buildSettings = {
				ALWAYS_SEARCH_USER_PATHS = NO;
				CLANG_ANALYZER_NONNULL = YES;
				CLANG_ANALYZER_NUMBER_OBJECT_CONVERSION = YES_AGGRESSIVE;
				CLANG_CXX_LANGUAGE_STANDARD = "gnu++14";
				CLANG_CXX_LIBRARY = "libc++";
				CLANG_ENABLE_MODULES = YES;
				CLANG_ENABLE_OBJC_ARC = YES;
				CLANG_ENABLE_OBJC_WEAK = YES;
				CLANG_WARN_BLOCK_CAPTURE_AUTORELEASING = YES;
				CLANG_WARN_BOOL_CONVERSION = YES;
				CLANG_WARN_COMMA = YES;
				CLANG_WARN_CONSTANT_CONVERSION = YES;
				CLANG_WARN_DEPRECATED_OBJC_IMPLEMENTATIONS = YES;
				CLANG_WARN_DIRECT_OBJC_ISA_USAGE = YES_ERROR;
				CLANG_WARN_DOCUMENTATION_COMMENTS = YES;
				CLANG_WARN_EMPTY_BODY = YES;
				CLANG_WARN_ENUM_CONVERSION = YES;
				CLANG_WARN_INFINITE_RECURSION = YES;
				CLANG_WARN_INT_CONVERSION = YES;
				CLANG_WARN_NON_LITERAL_NULL_CONVERSION = YES;
				CLANG_WARN_OBJC_IMPLICIT_RETAIN_SELF = YES;
				CLANG_WARN_OBJC_LITERAL_CONVERSION = YES;
				CLANG_WARN_OBJC_ROOT_CLASS = YES_ERROR;
				CLANG_WARN_RANGE_LOOP_ANALYSIS = YES;
				CLANG_WARN_STRICT_PROTOTYPES = YES;
				CLANG_WARN_SUSPICIOUS_MOVE = YES;
				CLANG_WARN_UNGUARDED_AVAILABILITY = YES_AGGRESSIVE;
				CLANG_WARN_UNREACHABLE_CODE = YES;
				CLANG_WARN__DUPLICATE_METHOD_MATCH = YES;
				CODE_SIGN_IDENTITY = "iPhone Developer";
				COPY_PHASE_STRIP = NO;
				DEBUG_INFORMATION_FORMAT = dwarf;
				ENABLE_STRICT_OBJC_MSGSEND = YES;
				ENABLE_TESTABILITY = YES;
				GCC_C_LANGUAGE_STANDARD = gnu11;
				GCC_DYNAMIC_NO_PIC = NO;
				GCC_NO_COMMON_BLOCKS = YES;
				GCC_OPTIMIZATION_LEVEL = 0;
				GCC_PREPROCESSOR_DEFINITIONS = (
					"DEBUG=1",
					"$(inherited)",
				);
				GCC_WARN_64_TO_32_BIT_CONVERSION = YES;
				GCC_WARN_ABOUT_RETURN_TYPE = YES_ERROR;
				GCC_WARN_UNDECLARED_SELECTOR = YES;
				GCC_WARN_UNINITIALIZED_AUTOS = YES_AGGRESSIVE;
				GCC_WARN_UNUSED_FUNCTION = YES;
				GCC_WARN_UNUSED_VARIABLE = YES;
				IPHONEOS_DEPLOYMENT_TARGET = 12.1;
				MTL_ENABLE_DEBUG_INFO = INCLUDE_SOURCE;
				MTL_FAST_MATH = YES;
				ONLY_ACTIVE_ARCH = YES;
				SDKROOT = iphoneos;
				SWIFT_ACTIVE_COMPILATION_CONDITIONS = DEBUG;
				SWIFT_OPTIMIZATION_LEVEL = "-Onone";
			};
			name = Debug;
		};
		6AC45C37223A0B5A00199D20 /* Release */ = {
			isa = XCBuildConfiguration;
			buildSettings = {
				ALWAYS_SEARCH_USER_PATHS = NO;
				CLANG_ANALYZER_NONNULL = YES;
				CLANG_ANALYZER_NUMBER_OBJECT_CONVERSION = YES_AGGRESSIVE;
				CLANG_CXX_LANGUAGE_STANDARD = "gnu++14";
				CLANG_CXX_LIBRARY = "libc++";
				CLANG_ENABLE_MODULES = YES;
				CLANG_ENABLE_OBJC_ARC = YES;
				CLANG_ENABLE_OBJC_WEAK = YES;
				CLANG_WARN_BLOCK_CAPTURE_AUTORELEASING = YES;
				CLANG_WARN_BOOL_CONVERSION = YES;
				CLANG_WARN_COMMA = YES;
				CLANG_WARN_CONSTANT_CONVERSION = YES;
				CLANG_WARN_DEPRECATED_OBJC_IMPLEMENTATIONS = YES;
				CLANG_WARN_DIRECT_OBJC_ISA_USAGE = YES_ERROR;
				CLANG_WARN_DOCUMENTATION_COMMENTS = YES;
				CLANG_WARN_EMPTY_BODY = YES;
				CLANG_WARN_ENUM_CONVERSION = YES;
				CLANG_WARN_INFINITE_RECURSION = YES;
				CLANG_WARN_INT_CONVERSION = YES;
				CLANG_WARN_NON_LITERAL_NULL_CONVERSION = YES;
				CLANG_WARN_OBJC_IMPLICIT_RETAIN_SELF = YES;
				CLANG_WARN_OBJC_LITERAL_CONVERSION = YES;
				CLANG_WARN_OBJC_ROOT_CLASS = YES_ERROR;
				CLANG_WARN_RANGE_LOOP_ANALYSIS = YES;
				CLANG_WARN_STRICT_PROTOTYPES = YES;
				CLANG_WARN_SUSPICIOUS_MOVE = YES;
				CLANG_WARN_UNGUARDED_AVAILABILITY = YES_AGGRESSIVE;
				CLANG_WARN_UNREACHABLE_CODE = YES;
				CLANG_WARN__DUPLICATE_METHOD_MATCH = YES;
				CODE_SIGN_IDENTITY = "iPhone Developer";
				COPY_PHASE_STRIP = NO;
				DEBUG_INFORMATION_FORMAT = "dwarf-with-dsym";
				ENABLE_NS_ASSERTIONS = NO;
				ENABLE_STRICT_OBJC_MSGSEND = YES;
				GCC_C_LANGUAGE_STANDARD = gnu11;
				GCC_NO_COMMON_BLOCKS = YES;
				GCC_WARN_64_TO_32_BIT_CONVERSION = YES;
				GCC_WARN_ABOUT_RETURN_TYPE = YES_ERROR;
				GCC_WARN_UNDECLARED_SELECTOR = YES;
				GCC_WARN_UNINITIALIZED_AUTOS = YES_AGGRESSIVE;
				GCC_WARN_UNUSED_FUNCTION = YES;
				GCC_WARN_UNUSED_VARIABLE = YES;
				IPHONEOS_DEPLOYMENT_TARGET = 12.1;
				MTL_ENABLE_DEBUG_INFO = NO;
				MTL_FAST_MATH = YES;
				SDKROOT = iphoneos;
				SWIFT_COMPILATION_MODE = wholemodule;
				SWIFT_OPTIMIZATION_LEVEL = "-O";
				VALIDATE_PRODUCT = YES;
			};
			name = Release;
		};
		6AC45C39223A0B5A00199D20 /* Debug */ = {
			isa = XCBuildConfiguration;
			buildSettings = {
				ASSETCATALOG_COMPILER_APPICON_NAME = AppIcon;
				CODE_SIGN_STYLE = Automatic;
				DEVELOPMENT_TEAM = 5H54BM828W;
				INFOPLIST_FILE = "2019-03-14-Assignment2-Set/Info.plist";
				LD_RUNPATH_SEARCH_PATHS = (
					"$(inherited)",
					"@executable_path/Frameworks",
				);
				PRODUCT_BUNDLE_IDENTIFIER = "selin.denise.acar.-019-03-14-Assignment2-Set";
				PRODUCT_NAME = "$(TARGET_NAME)";
				SWIFT_VERSION = 4.2;
				TARGETED_DEVICE_FAMILY = "1,2";
			};
			name = Debug;
		};
		6AC45C3A223A0B5A00199D20 /* Release */ = {
			isa = XCBuildConfiguration;
			buildSettings = {
				ASSETCATALOG_COMPILER_APPICON_NAME = AppIcon;
				CODE_SIGN_STYLE = Automatic;
				DEVELOPMENT_TEAM = 5H54BM828W;
				INFOPLIST_FILE = "2019-03-14-Assignment2-Set/Info.plist";
				LD_RUNPATH_SEARCH_PATHS = (
					"$(inherited)",
					"@executable_path/Frameworks",
				);
				PRODUCT_BUNDLE_IDENTIFIER = "selin.denise.acar.-019-03-14-Assignment2-Set";
				PRODUCT_NAME = "$(TARGET_NAME)";
				SWIFT_VERSION = 4.2;
				TARGETED_DEVICE_FAMILY = "1,2";
			};
			name = Release;
		};
/* End XCBuildConfiguration section */

/* Begin XCConfigurationList section */
		6AC45C21223A0B5900199D20 /* Build configuration list for PBXProject "2019-03-14-Assignment2-Set" */ = {
			isa = XCConfigurationList;
			buildConfigurations = (
				6AC45C36223A0B5A00199D20 /* Debug */,
				6AC45C37223A0B5A00199D20 /* Release */,
			);
			defaultConfigurationIsVisible = 0;
			defaultConfigurationName = Release;
		};
		6AC45C38223A0B5A00199D20 /* Build configuration list for PBXNativeTarget "2019-03-14-Assignment2-Set" */ = {
			isa = XCConfigurationList;
			buildConfigurations = (
				6AC45C39223A0B5A00199D20 /* Debug */,
				6AC45C3A223A0B5A00199D20 /* Release */,
			);
			defaultConfigurationIsVisible = 0;
			defaultConfigurationName = Release;
		};
/* End XCConfigurationList section */
	};
	rootObject = 6AC45C1E223A0B5900199D20 /* Project object */;
}
